
Microsoft Visual Studio Solution File, Format Version 12.00
# Visual Studio Version 16
VisualStudioVersion = 16.0.30804.86
MinimumVisualStudioVersion = 10.0.40219.1
Project("{FAE04EC0-301F-11D3-BF4B-00C04F79EFBC}") = "ExampleDictionary", "ExampleDictionary\ExampleDictionary.csproj", "{D6B3AB1C-6A2A-438B-9FDA-C3641DC7CB97}"
EndProject
Global
	GlobalSection(SolutionConfigurationPlatforms) = preSolution
		Debug|Any CPU = Debug|Any CPU
		Release|Any CPU = Release|Any CPU
	EndGlobalSection
	GlobalSection(ProjectConfigurationPlatforms) = postSolution
		{D6B3AB1C-6A2A-438B-9FDA-C3641DC7CB97}.Debug|Any CPU.ActiveCfg = Debug|Any CPU
		{D6B3AB1C-6A2A-438B-9FDA-C3641DC7CB97}.Debug|Any CPU.Build.0 = Debug|Any CPU
		{D6B3AB1C-6A2A-438B-9FDA-C3641DC7CB97}.Release|Any CPU.ActiveCfg = Release|Any CPU
		{D6B3AB1C-6A2A-438B-9FDA-C3641DC7CB97}.Release|Any CPU.Build.0 = Release|Any CPU
	EndGlobalSection
	GlobalSection(SolutionProperties) = preSolution
		HideSolutionNode = FALSE
	EndGlobalSection
	GlobalSection(ExtensibilityGlobals) = postSolution
		SolutionGuid = {E6737FC5-2551-4749-A897-570428726B0A}
	EndGlobalSection
EndGlobal
